<?xml version="1.0" encoding="UTF-8"?>
<!DOCTYPE plist PUBLIC "-//Apple//DTD PLIST 1.0//EN" "http://www.apple.com/DTDs/PropertyList-1.0.dtd">
<plist version="1.0">
<dict>
	<key>archiveVersion</key>
	<string>1</string>
	<key>classes</key>
	<dict/>
	<key>objectVersion</key>
	<string>46</string>
	<key>objects</key>
	<dict>
		<key>050fdd38ce7454a6ea217fc0</key>
		<dict>
			<key>fileEncoding</key>
			<string>4</string>
			<key>isa</key>
			<string>PBXFileReference</string>
			<key>lastKnownFileType</key>
			<string>wrapper.framework</string>
			<key>name</key>
			<string>calabash.framework</string>
			<key>path</key>
			<string>calabash.framework</string>
			<key>sourceTree</key>
			<string>&lt;group&gt;</string>
		</dict>
		<key>0e00550878af5a57db3677aa</key>
		<dict>
			<key>buildSettings</key>
			<dict>
				<key>ASSETCATALOG_COMPILER_APPICON_NAME</key>
				<string>AppIcon</string>
				<key>ASSETCATALOG_COMPILER_LAUNCHIMAGE_NAME</key>
				<string>LaunchImage</string>
				<key>FRAMEWORK_SEARCH_PATHS</key>
				<array>
					<string>$(inherited)</string>
					<string>"$(SRCROOT)"</string>
				</array>
				<key>GCC_PRECOMPILE_PREFIX_HEADER</key>
				<string>YES</string>
				<key>GCC_PREFIX_HEADER</key>
				<string>SingleTodo/SingleTodo-Prefix.pch</string>
				<key>INFOPLIST_FILE</key>
				<string>SingleTodo/SingleTodo-Info.plist</string>
				<key>OTHER_LDFLAGS</key>
				<array>
					<string>$(inherited)</string>
					<string>-force_load</string>
					<string>"$(SRCROOT)/calabash.framework/calabash"</string>
					<string>-lstdc++</string>
				</array>
				<key>PRODUCT_NAME</key>
				<string>$(TARGET_NAME)</string>
				<key>WRAPPER_EXTENSION</key>
				<string>app</string>
			</dict>
			<key>isa</key>
			<string>XCBuildConfiguration</string>
			<key>name</key>
			<string>Debug</string>
		</dict>
		<key>0ebd1dbc04ae3a13cf0d8d31</key>
		<dict>
			<key>buildActionMask</key>
			<string>2147483647</string>
			<key>files</key>
			<array>
				<string>ccfb5aeb8b8216e8fd905a02</string>
				<string>3b81f9fe388975d99e7767f8</string>
				<string>ddb73e93463198bcd84732b1</string>
				<string>bc4abc9cbd4ef449501dd5b3</string>
				<string>194f043ed783432d61b9d848</string>
			</array>
			<key>isa</key>
			<string>PBXResourcesBuildPhase</string>
			<key>runOnlyForDeploymentPostprocessing</key>
			<string>0</string>
		</dict>
		<key>194f043ed783432d61b9d848</key>
		<dict>
			<key>fileRef</key>
			<string>51EE3AE0193E14AA00BD2C04</string>
			<key>isa</key>
			<string>PBXBuildFile</string>
		</dict>
		<key>1a7c17311a6f5c0b0bd180c5</key>
		<dict>
			<key>buildActionMask</key>
			<string>2147483647</string>
			<key>files</key>
			<array>
				<string>22bb2471e58e148ddc013cd4</string>
				<string>605e817053b1880c8edd5393</string>
				<string>39c6e1ce7df904203509fb1a</string>
				<string>4338d0e84e0ba88d777f43a5</string>
				<string>6309991793e371530d7e597d</string>
			</array>
			<key>isa</key>
			<string>PBXFrameworksBuildPhase</string>
			<key>runOnlyForDeploymentPostprocessing</key>
			<string>0</string>
		</dict>
		<key>21e790bac129690625a6a256</key>
		<dict>
			<key>fileRef</key>
			<string>51EE3AB6193DF5BC00BD2C04</string>
			<key>isa</key>
			<string>PBXBuildFile</string>
		</dict>
		<key>22bb2471e58e148ddc013cd4</key>
		<dict>
			<key>fileRef</key>
			<string>51EE3AA2193DF5BC00BD2C04</string>
			<key>isa</key>
			<string>PBXBuildFile</string>
		</dict>
		<key>310da292a0c28f932371af21</key>
		<dict>
			<key>fileRef</key>
			<string>51EE3AD7193DF61100BD2C04</string>
			<key>isa</key>
			<string>PBXBuildFile</string>
		</dict>
		<key>39c6e1ce7df904203509fb1a</key>
		<dict>
			<key>fileRef</key>
			<string>51EE3AA0193DF5BC00BD2C04</string>
			<key>isa</key>
			<string>PBXBuildFile</string>
		</dict>
		<key>3b81f9fe388975d99e7767f8</key>
		<dict>
			<key>fileRef</key>
			<string>51EE3AB8193DF5BC00BD2C04</string>
			<key>isa</key>
			<string>PBXBuildFile</string>
		</dict>
		<key>4338d0e84e0ba88d777f43a5</key>
		<dict>
			<key>fileRef</key>
			<string>bff55092faeb18a661da08f3</string>
			<key>isa</key>
			<string>PBXBuildFile</string>
		</dict>
		<key>4ada641056759c7c6ab3a3d1</key>
		<dict>
			<key>buildSettings</key>
			<dict>
				<key>ASSETCATALOG_COMPILER_APPICON_NAME</key>
				<string>AppIcon</string>
				<key>ASSETCATALOG_COMPILER_LAUNCHIMAGE_NAME</key>
				<string>LaunchImage</string>
				<key>FRAMEWORK_SEARCH_PATHS</key>
				<array>
					<string>$(inherited)</string>
					<string>"$(SRCROOT)"</string>
				</array>
				<key>GCC_PRECOMPILE_PREFIX_HEADER</key>
				<string>YES</string>
				<key>GCC_PREFIX_HEADER</key>
				<string>SingleTodo/SingleTodo-Prefix.pch</string>
				<key>INFOPLIST_FILE</key>
				<string>SingleTodo/SingleTodo-Info.plist</string>
				<key>OTHER_LDFLAGS</key>
				<array>
					<string>$(inherited)</string>
					<string>-force_load</string>
					<string>"$(SRCROOT)/calabash.framework/calabash"</string>
					<string>-lstdc++</string>
				</array>
				<key>PRODUCT_NAME</key>
				<string>$(TARGET_NAME)</string>
				<key>WRAPPER_EXTENSION</key>
				<string>app</string>
			</dict>
			<key>isa</key>
			<string>XCBuildConfiguration</string>
			<key>name</key>
			<string>Release</string>
		</dict>
		<key>51EE3A94193DF5BC00BD2C04</key>
		<dict>
			<key>children</key>
			<array>
				<string>51EE3AA6193DF5BC00BD2C04</string>
				<string>51EE3AC5193DF5BC00BD2C04</string>
				<string>51EE3A9F193DF5BC00BD2C04</string>
				<string>51EE3A9E193DF5BC00BD2C04</string>
			</array>
			<key>isa</key>
			<string>PBXGroup</string>
			<key>sourceTree</key>
			<string>&lt;group&gt;</string>
		</dict>
		<key>51EE3A95193DF5BC00BD2C04</key>
		<dict>
			<key>attributes</key>
			<dict>
				<key>CLASSPREFIX</key>
				<string>IL</string>
				<key>LastUpgradeCheck</key>
				<string>0510</string>
				<key>ORGANIZATIONNAME</key>
				<string>icalialabs</string>
				<key>TargetAttributes</key>
				<dict>
					<key>51EE3ABD193DF5BC00BD2C04</key>
					<dict>
						<key>TestTargetID</key>
						<string>51EE3A9C193DF5BC00BD2C04</string>
					</dict>
				</dict>
			</dict>
			<key>buildConfigurationList</key>
			<string>51EE3A98193DF5BC00BD2C04</string>
			<key>compatibilityVersion</key>
			<string>Xcode 3.2</string>
			<key>developmentRegion</key>
			<string>English</string>
			<key>hasScannedForEncodings</key>
			<string>0</string>
			<key>isa</key>
			<string>PBXProject</string>
			<key>knownRegions</key>
			<array>
				<string>en</string>
				<string>Base</string>
			</array>
			<key>mainGroup</key>
			<string>51EE3A94193DF5BC00BD2C04</string>
			<key>productRefGroup</key>
			<string>51EE3A9E193DF5BC00BD2C04</string>
			<key>projectDirPath</key>
			<string></string>
			<key>projectRoot</key>
			<string></string>
			<key>targets</key>
			<array>
				<string>51EE3A9C193DF5BC00BD2C04</string>
				<string>51EE3ABD193DF5BC00BD2C04</string>
				<string>620dce677c981ae2532a06af</string>
			</array>
		</dict>
		<key>51EE3A98193DF5BC00BD2C04</key>
		<dict>
			<key>buildConfigurations</key>
			<array>
				<string>51EE3ACD193DF5BC00BD2C04</string>
				<string>51EE3ACE193DF5BC00BD2C04</string>
			</array>
			<key>defaultConfigurationIsVisible</key>
			<string>0</string>
			<key>defaultConfigurationName</key>
			<string>Release</string>
			<key>isa</key>
			<string>XCConfigurationList</string>
		</dict>
		<key>51EE3A99193DF5BC00BD2C04</key>
		<dict>
			<key>buildActionMask</key>
			<string>2147483647</string>
			<key>files</key>
			<array>
				<string>51EE3AAD193DF5BC00BD2C04</string>
				<string>51EE3AE1193E14AA00BD2C04</string>
				<string>51EE3AB1193DF5BC00BD2C04</string>
				<string>51EE3ADC193DF6EF00BD2C04</string>
				<string>51EE3AB7193DF5BC00BD2C04</string>
				<string>51EE3AD8193DF61100BD2C04</string>
			</array>
			<key>isa</key>
			<string>PBXSourcesBuildPhase</string>
			<key>runOnlyForDeploymentPostprocessing</key>
			<string>0</string>
		</dict>
		<key>51EE3A9A193DF5BC00BD2C04</key>
		<dict>
			<key>buildActionMask</key>
			<string>2147483647</string>
			<key>files</key>
			<array>
				<string>51EE3AA3193DF5BC00BD2C04</string>
				<string>51EE3AA5193DF5BC00BD2C04</string>
				<string>51EE3AA1193DF5BC00BD2C04</string>
			</array>
			<key>isa</key>
			<string>PBXFrameworksBuildPhase</string>
			<key>runOnlyForDeploymentPostprocessing</key>
			<string>0</string>
		</dict>
		<key>51EE3A9B193DF5BC00BD2C04</key>
		<dict>
			<key>buildActionMask</key>
			<string>2147483647</string>
			<key>files</key>
			<array>
				<string>51EE3ADD193DF6EF00BD2C04</string>
				<string>51EE3AB9193DF5BC00BD2C04</string>
				<string>51EE3AAB193DF5BC00BD2C04</string>
				<string>51EE3AB4193DF5BC00BD2C04</string>
				<string>51EE3AE2193E14AA00BD2C04</string>
			</array>
			<key>isa</key>
			<string>PBXResourcesBuildPhase</string>
			<key>runOnlyForDeploymentPostprocessing</key>
			<string>0</string>
		</dict>
		<key>51EE3A9C193DF5BC00BD2C04</key>
		<dict>
			<key>buildConfigurationList</key>
			<string>51EE3ACF193DF5BC00BD2C04</string>
			<key>buildPhases</key>
			<array>
				<string>51EE3A99193DF5BC00BD2C04</string>
				<string>51EE3A9A193DF5BC00BD2C04</string>
				<string>51EE3A9B193DF5BC00BD2C04</string>
			</array>
			<key>buildRules</key>
			<array/>
			<key>dependencies</key>
			<array/>
			<key>isa</key>
			<string>PBXNativeTarget</string>
			<key>name</key>
			<string>SingleTodo</string>
			<key>productName</key>
			<string>SingleTodo</string>
			<key>productReference</key>
			<string>51EE3A9D193DF5BC00BD2C04</string>
			<key>productType</key>
			<string>com.apple.product-type.application</string>
		</dict>
		<key>51EE3A9D193DF5BC00BD2C04</key>
		<dict>
			<key>explicitFileType</key>
			<string>wrapper.application</string>
			<key>includeInIndex</key>
			<string>0</string>
			<key>isa</key>
			<string>PBXFileReference</string>
			<key>path</key>
			<string>SingleTodo.app</string>
			<key>sourceTree</key>
			<string>BUILT_PRODUCTS_DIR</string>
		</dict>
		<key>51EE3A9E193DF5BC00BD2C04</key>
		<dict>
			<key>children</key>
			<array>
				<string>51EE3A9D193DF5BC00BD2C04</string>
				<string>51EE3ABE193DF5BC00BD2C04</string>
			</array>
			<key>isa</key>
			<string>PBXGroup</string>
			<key>name</key>
			<string>Products</string>
			<key>sourceTree</key>
			<string>&lt;group&gt;</string>
		</dict>
		<key>51EE3A9F193DF5BC00BD2C04</key>
		<dict>
			<key>children</key>
			<array>
				<string>51EE3AA0193DF5BC00BD2C04</string>
				<string>51EE3AA2193DF5BC00BD2C04</string>
				<string>51EE3AA4193DF5BC00BD2C04</string>
				<string>51EE3ABF193DF5BC00BD2C04</string>
				<string>bff55092faeb18a661da08f3</string>
				<string>050fdd38ce7454a6ea217fc0</string>
			</array>
			<key>isa</key>
			<string>PBXGroup</string>
			<key>name</key>
			<string>Frameworks</string>
			<key>path</key>
			<string></string>
			<key>sourceTree</key>
			<string>&lt;group&gt;</string>
		</dict>
		<key>51EE3AA0193DF5BC00BD2C04</key>
		<dict>
			<key>isa</key>
			<string>PBXFileReference</string>
			<key>lastKnownFileType</key>
			<string>wrapper.framework</string>
			<key>name</key>
			<string>Foundation.framework</string>
			<key>path</key>
			<string>System/Library/Frameworks/Foundation.framework</string>
			<key>sourceTree</key>
			<string>SDKROOT</string>
		</dict>
		<key>51EE3AA1193DF5BC00BD2C04</key>
		<dict>
			<key>fileRef</key>
			<string>51EE3AA0193DF5BC00BD2C04</string>
			<key>isa</key>
			<string>PBXBuildFile</string>
		</dict>
		<key>51EE3AA2193DF5BC00BD2C04</key>
		<dict>
			<key>isa</key>
			<string>PBXFileReference</string>
			<key>lastKnownFileType</key>
			<string>wrapper.framework</string>
			<key>name</key>
			<string>CoreGraphics.framework</string>
			<key>path</key>
			<string>System/Library/Frameworks/CoreGraphics.framework</string>
			<key>sourceTree</key>
			<string>SDKROOT</string>
		</dict>
		<key>51EE3AA3193DF5BC00BD2C04</key>
		<dict>
			<key>fileRef</key>
			<string>51EE3AA2193DF5BC00BD2C04</string>
			<key>isa</key>
			<string>PBXBuildFile</string>
		</dict>
		<key>51EE3AA4193DF5BC00BD2C04</key>
		<dict>
			<key>isa</key>
			<string>PBXFileReference</string>
			<key>lastKnownFileType</key>
			<string>wrapper.framework</string>
			<key>name</key>
			<string>UIKit.framework</string>
			<key>path</key>
			<string>System/Library/Frameworks/UIKit.framework</string>
			<key>sourceTree</key>
			<string>SDKROOT</string>
		</dict>
		<key>51EE3AA5193DF5BC00BD2C04</key>
		<dict>
			<key>fileRef</key>
			<string>51EE3AA4193DF5BC00BD2C04</string>
			<key>isa</key>
			<string>PBXBuildFile</string>
		</dict>
		<key>51EE3AA6193DF5BC00BD2C04</key>
		<dict>
			<key>children</key>
			<array>
				<string>51EE3AD5193DF5FA00BD2C04</string>
				<string>51EE3AAF193DF5BC00BD2C04</string>
				<string>51EE3AB0193DF5BC00BD2C04</string>
				<string>51EE3AB2193DF5BC00BD2C04</string>
				<string>51EE3AB5193DF5BC00BD2C04</string>
				<string>51EE3AB6193DF5BC00BD2C04</string>
				<string>51EE3AB8193DF5BC00BD2C04</string>
				<string>51EE3AA7193DF5BC00BD2C04</string>
				<string>51EE3AD9193DF6EF00BD2C04</string>
				<string>51EE3ADA193DF6EF00BD2C04</string>
				<string>51EE3ADB193DF6EF00BD2C04</string>
				<string>51EE3ADE193E14AA00BD2C04</string>
				<string>51EE3ADF193E14AA00BD2C04</string>
				<string>51EE3AE0193E14AA00BD2C04</string>
			</array>
			<key>isa</key>
			<string>PBXGroup</string>
			<key>path</key>
			<string>SingleTodo</string>
			<key>sourceTree</key>
			<string>&lt;group&gt;</string>
		</dict>
		<key>51EE3AA7193DF5BC00BD2C04</key>
		<dict>
			<key>children</key>
			<array>
				<string>51EE3AA8193DF5BC00BD2C04</string>
				<string>51EE3AA9193DF5BC00BD2C04</string>
				<string>51EE3AAC193DF5BC00BD2C04</string>
				<string>51EE3AAE193DF5BC00BD2C04</string>
			</array>
			<key>isa</key>
			<string>PBXGroup</string>
			<key>name</key>
			<string>Supporting Files</string>
			<key>sourceTree</key>
			<string>&lt;group&gt;</string>
		</dict>
		<key>51EE3AA8193DF5BC00BD2C04</key>
		<dict>
			<key>isa</key>
			<string>PBXFileReference</string>
			<key>lastKnownFileType</key>
			<string>text.plist.xml</string>
			<key>path</key>
			<string>SingleTodo-Info.plist</string>
			<key>sourceTree</key>
			<string>&lt;group&gt;</string>
		</dict>
		<key>51EE3AA9193DF5BC00BD2C04</key>
		<dict>
			<key>children</key>
			<array>
				<string>51EE3AAA193DF5BC00BD2C04</string>
			</array>
			<key>isa</key>
			<string>PBXVariantGroup</string>
			<key>name</key>
			<string>InfoPlist.strings</string>
			<key>sourceTree</key>
			<string>&lt;group&gt;</string>
		</dict>
		<key>51EE3AAA193DF5BC00BD2C04</key>
		<dict>
			<key>isa</key>
			<string>PBXFileReference</string>
			<key>lastKnownFileType</key>
			<string>text.plist.strings</string>
			<key>name</key>
			<string>en</string>
			<key>path</key>
			<string>en.lproj/InfoPlist.strings</string>
			<key>sourceTree</key>
			<string>&lt;group&gt;</string>
		</dict>
		<key>51EE3AAB193DF5BC00BD2C04</key>
		<dict>
			<key>fileRef</key>
			<string>51EE3AA9193DF5BC00BD2C04</string>
			<key>isa</key>
			<string>PBXBuildFile</string>
		</dict>
		<key>51EE3AAC193DF5BC00BD2C04</key>
		<dict>
			<key>isa</key>
			<string>PBXFileReference</string>
			<key>lastKnownFileType</key>
			<string>sourcecode.c.objc</string>
			<key>path</key>
			<string>main.m</string>
			<key>sourceTree</key>
			<string>&lt;group&gt;</string>
		</dict>
		<key>51EE3AAD193DF5BC00BD2C04</key>
		<dict>
			<key>fileRef</key>
			<string>51EE3AAC193DF5BC00BD2C04</string>
			<key>isa</key>
			<string>PBXBuildFile</string>
		</dict>
		<key>51EE3AAE193DF5BC00BD2C04</key>
		<dict>
			<key>isa</key>
			<string>PBXFileReference</string>
			<key>lastKnownFileType</key>
			<string>sourcecode.c.h</string>
			<key>path</key>
			<string>SingleTodo-Prefix.pch</string>
			<key>sourceTree</key>
			<string>&lt;group&gt;</string>
		</dict>
		<key>51EE3AAF193DF5BC00BD2C04</key>
		<dict>
			<key>isa</key>
			<string>PBXFileReference</string>
			<key>lastKnownFileType</key>
			<string>sourcecode.c.h</string>
			<key>path</key>
			<string>ILAppDelegate.h</string>
			<key>sourceTree</key>
			<string>&lt;group&gt;</string>
		</dict>
		<key>51EE3AB0193DF5BC00BD2C04</key>
		<dict>
			<key>isa</key>
			<string>PBXFileReference</string>
			<key>lastKnownFileType</key>
			<string>sourcecode.c.objc</string>
			<key>path</key>
			<string>ILAppDelegate.m</string>
			<key>sourceTree</key>
			<string>&lt;group&gt;</string>
		</dict>
		<key>51EE3AB1193DF5BC00BD2C04</key>
		<dict>
			<key>fileRef</key>
			<string>51EE3AB0193DF5BC00BD2C04</string>
			<key>isa</key>
			<string>PBXBuildFile</string>
		</dict>
		<key>51EE3AB2193DF5BC00BD2C04</key>
		<dict>
			<key>children</key>
			<array>
				<string>51EE3AB3193DF5BC00BD2C04</string>
			</array>
			<key>isa</key>
			<string>PBXVariantGroup</string>
			<key>name</key>
			<string>Main.storyboard</string>
			<key>sourceTree</key>
			<string>&lt;group&gt;</string>
		</dict>
		<key>51EE3AB3193DF5BC00BD2C04</key>
		<dict>
			<key>isa</key>
			<string>PBXFileReference</string>
			<key>lastKnownFileType</key>
			<string>file.storyboard</string>
			<key>name</key>
			<string>Base</string>
			<key>path</key>
			<string>Base.lproj/Main.storyboard</string>
			<key>sourceTree</key>
			<string>&lt;group&gt;</string>
		</dict>
		<key>51EE3AB4193DF5BC00BD2C04</key>
		<dict>
			<key>fileRef</key>
			<string>51EE3AB2193DF5BC00BD2C04</string>
			<key>isa</key>
			<string>PBXBuildFile</string>
		</dict>
		<key>51EE3AB5193DF5BC00BD2C04</key>
		<dict>
			<key>isa</key>
			<string>PBXFileReference</string>
			<key>lastKnownFileType</key>
			<string>sourcecode.c.h</string>
			<key>path</key>
			<string>ILViewController.h</string>
			<key>sourceTree</key>
			<string>&lt;group&gt;</string>
		</dict>
		<key>51EE3AB6193DF5BC00BD2C04</key>
		<dict>
			<key>isa</key>
			<string>PBXFileReference</string>
			<key>lastKnownFileType</key>
			<string>sourcecode.c.objc</string>
			<key>path</key>
			<string>ILViewController.m</string>
			<key>sourceTree</key>
			<string>&lt;group&gt;</string>
		</dict>
		<key>51EE3AB7193DF5BC00BD2C04</key>
		<dict>
			<key>fileRef</key>
			<string>51EE3AB6193DF5BC00BD2C04</string>
			<key>isa</key>
			<string>PBXBuildFile</string>
		</dict>
		<key>51EE3AB8193DF5BC00BD2C04</key>
		<dict>
			<key>isa</key>
			<string>PBXFileReference</string>
			<key>lastKnownFileType</key>
			<string>folder.assetcatalog</string>
			<key>path</key>
			<string>Images.xcassets</string>
			<key>sourceTree</key>
			<string>&lt;group&gt;</string>
		</dict>
		<key>51EE3AB9193DF5BC00BD2C04</key>
		<dict>
			<key>fileRef</key>
			<string>51EE3AB8193DF5BC00BD2C04</string>
			<key>isa</key>
			<string>PBXBuildFile</string>
		</dict>
		<key>51EE3ABA193DF5BC00BD2C04</key>
		<dict>
			<key>buildActionMask</key>
			<string>2147483647</string>
			<key>files</key>
			<array>
				<string>51EE3ACC193DF5BC00BD2C04</string>
			</array>
			<key>isa</key>
			<string>PBXSourcesBuildPhase</string>
			<key>runOnlyForDeploymentPostprocessing</key>
			<string>0</string>
		</dict>
		<key>51EE3ABB193DF5BC00BD2C04</key>
		<dict>
			<key>buildActionMask</key>
			<string>2147483647</string>
			<key>files</key>
			<array>
				<string>51EE3AC0193DF5BC00BD2C04</string>
				<string>51EE3AC2193DF5BC00BD2C04</string>
				<string>51EE3AC1193DF5BC00BD2C04</string>
			</array>
			<key>isa</key>
			<string>PBXFrameworksBuildPhase</string>
			<key>runOnlyForDeploymentPostprocessing</key>
			<string>0</string>
		</dict>
		<key>51EE3ABC193DF5BC00BD2C04</key>
		<dict>
			<key>buildActionMask</key>
			<string>2147483647</string>
			<key>files</key>
			<array>
				<string>51EE3ACA193DF5BC00BD2C04</string>
			</array>
			<key>isa</key>
			<string>PBXResourcesBuildPhase</string>
			<key>runOnlyForDeploymentPostprocessing</key>
			<string>0</string>
		</dict>
		<key>51EE3ABD193DF5BC00BD2C04</key>
		<dict>
			<key>buildConfigurationList</key>
			<string>51EE3AD2193DF5BC00BD2C04</string>
			<key>buildPhases</key>
			<array>
				<string>51EE3ABA193DF5BC00BD2C04</string>
				<string>51EE3ABB193DF5BC00BD2C04</string>
				<string>51EE3ABC193DF5BC00BD2C04</string>
			</array>
			<key>buildRules</key>
			<array/>
			<key>dependencies</key>
			<array>
				<string>51EE3AC4193DF5BC00BD2C04</string>
			</array>
			<key>isa</key>
			<string>PBXNativeTarget</string>
			<key>name</key>
			<string>SingleTodoTests</string>
			<key>productName</key>
			<string>SingleTodoTests</string>
			<key>productReference</key>
			<string>51EE3ABE193DF5BC00BD2C04</string>
			<key>productType</key>
			<string>com.apple.product-type.bundle.unit-test</string>
		</dict>
		<key>51EE3ABE193DF5BC00BD2C04</key>
		<dict>
			<key>explicitFileType</key>
			<string>wrapper.cfbundle</string>
			<key>includeInIndex</key>
			<string>0</string>
			<key>isa</key>
			<string>PBXFileReference</string>
			<key>path</key>
			<string>SingleTodoTests.xctest</string>
			<key>sourceTree</key>
			<string>BUILT_PRODUCTS_DIR</string>
		</dict>
		<key>51EE3ABF193DF5BC00BD2C04</key>
		<dict>
			<key>isa</key>
			<string>PBXFileReference</string>
			<key>lastKnownFileType</key>
			<string>wrapper.framework</string>
			<key>name</key>
			<string>XCTest.framework</string>
			<key>path</key>
			<string>Library/Frameworks/XCTest.framework</string>
			<key>sourceTree</key>
			<string>DEVELOPER_DIR</string>
		</dict>
		<key>51EE3AC0193DF5BC00BD2C04</key>
		<dict>
			<key>fileRef</key>
			<string>51EE3ABF193DF5BC00BD2C04</string>
			<key>isa</key>
			<string>PBXBuildFile</string>
		</dict>
		<key>51EE3AC1193DF5BC00BD2C04</key>
		<dict>
			<key>fileRef</key>
			<string>51EE3AA0193DF5BC00BD2C04</string>
			<key>isa</key>
			<string>PBXBuildFile</string>
		</dict>
		<key>51EE3AC2193DF5BC00BD2C04</key>
		<dict>
			<key>fileRef</key>
			<string>51EE3AA4193DF5BC00BD2C04</string>
			<key>isa</key>
			<string>PBXBuildFile</string>
		</dict>
		<key>51EE3AC3193DF5BC00BD2C04</key>
		<dict>
			<key>containerPortal</key>
			<string>51EE3A95193DF5BC00BD2C04</string>
			<key>isa</key>
			<string>PBXContainerItemProxy</string>
			<key>proxyType</key>
			<string>1</string>
			<key>remoteGlobalIDString</key>
			<string>51EE3A9C193DF5BC00BD2C04</string>
			<key>remoteInfo</key>
			<string>SingleTodo</string>
		</dict>
		<key>51EE3AC4193DF5BC00BD2C04</key>
		<dict>
			<key>isa</key>
			<string>PBXTargetDependency</string>
			<key>target</key>
			<string>51EE3A9C193DF5BC00BD2C04</string>
			<key>targetProxy</key>
			<string>51EE3AC3193DF5BC00BD2C04</string>
		</dict>
		<key>51EE3AC5193DF5BC00BD2C04</key>
		<dict>
			<key>children</key>
			<array>
				<string>51EE3ACB193DF5BC00BD2C04</string>
				<string>51EE3AC6193DF5BC00BD2C04</string>
			</array>
			<key>isa</key>
			<string>PBXGroup</string>
			<key>path</key>
			<string>SingleTodoTests</string>
			<key>sourceTree</key>
			<string>&lt;group&gt;</string>
		</dict>
		<key>51EE3AC6193DF5BC00BD2C04</key>
		<dict>
			<key>children</key>
			<array>
				<string>51EE3AC7193DF5BC00BD2C04</string>
				<string>51EE3AC8193DF5BC00BD2C04</string>
			</array>
			<key>isa</key>
			<string>PBXGroup</string>
			<key>name</key>
			<string>Supporting Files</string>
			<key>sourceTree</key>
			<string>&lt;group&gt;</string>
		</dict>
		<key>51EE3AC7193DF5BC00BD2C04</key>
		<dict>
			<key>isa</key>
			<string>PBXFileReference</string>
			<key>lastKnownFileType</key>
			<string>text.plist.xml</string>
			<key>path</key>
			<string>SingleTodoTests-Info.plist</string>
			<key>sourceTree</key>
			<string>&lt;group&gt;</string>
		</dict>
		<key>51EE3AC8193DF5BC00BD2C04</key>
		<dict>
			<key>children</key>
			<array>
				<string>51EE3AC9193DF5BC00BD2C04</string>
			</array>
			<key>isa</key>
			<string>PBXVariantGroup</string>
			<key>name</key>
			<string>InfoPlist.strings</string>
			<key>sourceTree</key>
			<string>&lt;group&gt;</string>
		</dict>
		<key>51EE3AC9193DF5BC00BD2C04</key>
		<dict>
			<key>isa</key>
			<string>PBXFileReference</string>
			<key>lastKnownFileType</key>
			<string>text.plist.strings</string>
			<key>name</key>
			<string>en</string>
			<key>path</key>
			<string>en.lproj/InfoPlist.strings</string>
			<key>sourceTree</key>
			<string>&lt;group&gt;</string>
		</dict>
		<key>51EE3ACA193DF5BC00BD2C04</key>
		<dict>
			<key>fileRef</key>
			<string>51EE3AC8193DF5BC00BD2C04</string>
			<key>isa</key>
			<string>PBXBuildFile</string>
		</dict>
		<key>51EE3ACB193DF5BC00BD2C04</key>
		<dict>
			<key>isa</key>
			<string>PBXFileReference</string>
			<key>lastKnownFileType</key>
			<string>sourcecode.c.objc</string>
			<key>path</key>
			<string>SingleTodoTests.m</string>
			<key>sourceTree</key>
			<string>&lt;group&gt;</string>
		</dict>
		<key>51EE3ACC193DF5BC00BD2C04</key>
		<dict>
			<key>fileRef</key>
			<string>51EE3ACB193DF5BC00BD2C04</string>
			<key>isa</key>
			<string>PBXBuildFile</string>
		</dict>
		<key>51EE3ACD193DF5BC00BD2C04</key>
		<dict>
			<key>buildSettings</key>
			<dict>
				<key>ALWAYS_SEARCH_USER_PATHS</key>
				<string>NO</string>
				<key>CLANG_CXX_LANGUAGE_STANDARD</key>
				<string>gnu++0x</string>
				<key>CLANG_CXX_LIBRARY</key>
				<string>libc++</string>
				<key>CLANG_ENABLE_MODULES</key>
				<string>YES</string>
				<key>CLANG_ENABLE_OBJC_ARC</key>
				<string>YES</string>
				<key>CLANG_WARN_BOOL_CONVERSION</key>
				<string>YES</string>
				<key>CLANG_WARN_CONSTANT_CONVERSION</key>
				<string>YES</string>
				<key>CLANG_WARN_DIRECT_OBJC_ISA_USAGE</key>
				<string>YES_ERROR</string>
				<key>CLANG_WARN_EMPTY_BODY</key>
				<string>YES</string>
				<key>CLANG_WARN_ENUM_CONVERSION</key>
				<string>YES</string>
				<key>CLANG_WARN_INT_CONVERSION</key>
				<string>YES</string>
				<key>CLANG_WARN_OBJC_ROOT_CLASS</key>
				<string>YES_ERROR</string>
				<key>CLANG_WARN__DUPLICATE_METHOD_MATCH</key>
				<string>YES</string>
				<key>CODE_SIGN_IDENTITY[sdk=iphoneos*]</key>
				<string>iPhone Developer</string>
				<key>COPY_PHASE_STRIP</key>
				<string>NO</string>
				<key>GCC_C_LANGUAGE_STANDARD</key>
				<string>gnu99</string>
				<key>GCC_DYNAMIC_NO_PIC</key>
				<string>NO</string>
				<key>GCC_OPTIMIZATION_LEVEL</key>
				<string>0</string>
				<key>GCC_PREPROCESSOR_DEFINITIONS</key>
				<array>
					<string>DEBUG=1</string>
					<string>$(inherited)</string>
				</array>
				<key>GCC_SYMBOLS_PRIVATE_EXTERN</key>
				<string>NO</string>
				<key>GCC_WARN_64_TO_32_BIT_CONVERSION</key>
				<string>YES</string>
				<key>GCC_WARN_ABOUT_RETURN_TYPE</key>
				<string>YES_ERROR</string>
				<key>GCC_WARN_UNDECLARED_SELECTOR</key>
				<string>YES</string>
				<key>GCC_WARN_UNINITIALIZED_AUTOS</key>
				<string>YES_AGGRESSIVE</string>
				<key>GCC_WARN_UNUSED_FUNCTION</key>
				<string>YES</string>
				<key>GCC_WARN_UNUSED_VARIABLE</key>
				<string>YES</string>
				<key>IPHONEOS_DEPLOYMENT_TARGET</key>
				<string>7.1</string>
				<key>ONLY_ACTIVE_ARCH</key>
				<string>YES</string>
				<key>SDKROOT</key>
				<string>iphoneos</string>
			</dict>
			<key>isa</key>
			<string>XCBuildConfiguration</string>
			<key>name</key>
			<string>Debug</string>
		</dict>
		<key>51EE3ACE193DF5BC00BD2C04</key>
		<dict>
			<key>buildSettings</key>
			<dict>
				<key>ALWAYS_SEARCH_USER_PATHS</key>
				<string>NO</string>
				<key>CLANG_CXX_LANGUAGE_STANDARD</key>
				<string>gnu++0x</string>
				<key>CLANG_CXX_LIBRARY</key>
				<string>libc++</string>
				<key>CLANG_ENABLE_MODULES</key>
				<string>YES</string>
				<key>CLANG_ENABLE_OBJC_ARC</key>
				<string>YES</string>
				<key>CLANG_WARN_BOOL_CONVERSION</key>
				<string>YES</string>
				<key>CLANG_WARN_CONSTANT_CONVERSION</key>
				<string>YES</string>
				<key>CLANG_WARN_DIRECT_OBJC_ISA_USAGE</key>
				<string>YES_ERROR</string>
				<key>CLANG_WARN_EMPTY_BODY</key>
				<string>YES</string>
				<key>CLANG_WARN_ENUM_CONVERSION</key>
				<string>YES</string>
				<key>CLANG_WARN_INT_CONVERSION</key>
				<string>YES</string>
				<key>CLANG_WARN_OBJC_ROOT_CLASS</key>
				<string>YES_ERROR</string>
				<key>CLANG_WARN__DUPLICATE_METHOD_MATCH</key>
				<string>YES</string>
				<key>CODE_SIGN_IDENTITY[sdk=iphoneos*]</key>
				<string>iPhone Developer</string>
				<key>COPY_PHASE_STRIP</key>
				<string>YES</string>
				<key>ENABLE_NS_ASSERTIONS</key>
				<string>NO</string>
				<key>GCC_C_LANGUAGE_STANDARD</key>
				<string>gnu99</string>
				<key>GCC_WARN_64_TO_32_BIT_CONVERSION</key>
				<string>YES</string>
				<key>GCC_WARN_ABOUT_RETURN_TYPE</key>
				<string>YES_ERROR</string>
				<key>GCC_WARN_UNDECLARED_SELECTOR</key>
				<string>YES</string>
				<key>GCC_WARN_UNINITIALIZED_AUTOS</key>
				<string>YES_AGGRESSIVE</string>
				<key>GCC_WARN_UNUSED_FUNCTION</key>
				<string>YES</string>
				<key>GCC_WARN_UNUSED_VARIABLE</key>
				<string>YES</string>
				<key>IPHONEOS_DEPLOYMENT_TARGET</key>
				<string>7.1</string>
				<key>SDKROOT</key>
				<string>iphoneos</string>
				<key>VALIDATE_PRODUCT</key>
				<string>YES</string>
			</dict>
			<key>isa</key>
			<string>XCBuildConfiguration</string>
			<key>name</key>
			<string>Release</string>
		</dict>
		<key>51EE3ACF193DF5BC00BD2C04</key>
		<dict>
			<key>buildConfigurations</key>
			<array>
				<string>51EE3AD0193DF5BC00BD2C04</string>
				<string>51EE3AD1193DF5BC00BD2C04</string>
			</array>
			<key>defaultConfigurationIsVisible</key>
			<string>0</string>
			<key>isa</key>
			<string>XCConfigurationList</string>
		</dict>
		<key>51EE3AD0193DF5BC00BD2C04</key>
		<dict>
			<key>buildSettings</key>
			<dict>
				<key>ASSETCATALOG_COMPILER_APPICON_NAME</key>
				<string>AppIcon</string>
				<key>ASSETCATALOG_COMPILER_LAUNCHIMAGE_NAME</key>
				<string>LaunchImage</string>
				<key>GCC_PRECOMPILE_PREFIX_HEADER</key>
				<string>YES</string>
				<key>GCC_PREFIX_HEADER</key>
				<string>SingleTodo/SingleTodo-Prefix.pch</string>
				<key>INFOPLIST_FILE</key>
				<string>SingleTodo/SingleTodo-Info.plist</string>
				<key>PRODUCT_NAME</key>
				<string>$(TARGET_NAME)</string>
				<key>WRAPPER_EXTENSION</key>
				<string>app</string>
			</dict>
			<key>isa</key>
			<string>XCBuildConfiguration</string>
			<key>name</key>
			<string>Debug</string>
		</dict>
		<key>51EE3AD1193DF5BC00BD2C04</key>
		<dict>
			<key>buildSettings</key>
			<dict>
				<key>ASSETCATALOG_COMPILER_APPICON_NAME</key>
				<string>AppIcon</string>
				<key>ASSETCATALOG_COMPILER_LAUNCHIMAGE_NAME</key>
				<string>LaunchImage</string>
				<key>GCC_PRECOMPILE_PREFIX_HEADER</key>
				<string>YES</string>
				<key>GCC_PREFIX_HEADER</key>
				<string>SingleTodo/SingleTodo-Prefix.pch</string>
				<key>INFOPLIST_FILE</key>
				<string>SingleTodo/SingleTodo-Info.plist</string>
				<key>PRODUCT_NAME</key>
				<string>$(TARGET_NAME)</string>
				<key>WRAPPER_EXTENSION</key>
				<string>app</string>
			</dict>
			<key>isa</key>
			<string>XCBuildConfiguration</string>
			<key>name</key>
			<string>Release</string>
		</dict>
		<key>51EE3AD2193DF5BC00BD2C04</key>
		<dict>
			<key>buildConfigurations</key>
			<array>
				<string>51EE3AD3193DF5BC00BD2C04</string>
				<string>51EE3AD4193DF5BC00BD2C04</string>
			</array>
			<key>defaultConfigurationIsVisible</key>
			<string>0</string>
			<key>isa</key>
			<string>XCConfigurationList</string>
		</dict>
		<key>51EE3AD3193DF5BC00BD2C04</key>
		<dict>
			<key>buildSettings</key>
			<dict>
				<key>BUNDLE_LOADER</key>
				<string>$(BUILT_PRODUCTS_DIR)/SingleTodo.app/SingleTodo</string>
				<key>FRAMEWORK_SEARCH_PATHS</key>
				<array>
					<string>$(SDKROOT)/Developer/Library/Frameworks</string>
					<string>$(inherited)</string>
					<string>$(DEVELOPER_FRAMEWORKS_DIR)</string>
				</array>
				<key>GCC_PRECOMPILE_PREFIX_HEADER</key>
				<string>YES</string>
				<key>GCC_PREFIX_HEADER</key>
				<string>SingleTodo/SingleTodo-Prefix.pch</string>
				<key>GCC_PREPROCESSOR_DEFINITIONS</key>
				<array>
					<string>DEBUG=1</string>
					<string>$(inherited)</string>
				</array>
				<key>INFOPLIST_FILE</key>
				<string>SingleTodoTests/SingleTodoTests-Info.plist</string>
				<key>PRODUCT_NAME</key>
				<string>$(TARGET_NAME)</string>
				<key>TEST_HOST</key>
				<string>$(BUNDLE_LOADER)</string>
				<key>WRAPPER_EXTENSION</key>
				<string>xctest</string>
			</dict>
			<key>isa</key>
			<string>XCBuildConfiguration</string>
			<key>name</key>
			<string>Debug</string>
		</dict>
		<key>51EE3AD4193DF5BC00BD2C04</key>
		<dict>
			<key>buildSettings</key>
			<dict>
				<key>BUNDLE_LOADER</key>
				<string>$(BUILT_PRODUCTS_DIR)/SingleTodo.app/SingleTodo</string>
				<key>FRAMEWORK_SEARCH_PATHS</key>
				<array>
					<string>$(SDKROOT)/Developer/Library/Frameworks</string>
					<string>$(inherited)</string>
					<string>$(DEVELOPER_FRAMEWORKS_DIR)</string>
				</array>
				<key>GCC_PRECOMPILE_PREFIX_HEADER</key>
				<string>YES</string>
				<key>GCC_PREFIX_HEADER</key>
				<string>SingleTodo/SingleTodo-Prefix.pch</string>
				<key>INFOPLIST_FILE</key>
				<string>SingleTodoTests/SingleTodoTests-Info.plist</string>
				<key>PRODUCT_NAME</key>
				<string>$(TARGET_NAME)</string>
				<key>TEST_HOST</key>
				<string>$(BUNDLE_LOADER)</string>
				<key>WRAPPER_EXTENSION</key>
				<string>xctest</string>
			</dict>
			<key>isa</key>
			<string>XCBuildConfiguration</string>
			<key>name</key>
			<string>Release</string>
		</dict>
		<key>51EE3AD5193DF5FA00BD2C04</key>
		<dict>
			<key>children</key>
			<array>
				<string>51EE3AD6193DF61100BD2C04</string>
				<string>51EE3AD7193DF61100BD2C04</string>
			</array>
			<key>isa</key>
			<string>PBXGroup</string>
			<key>path</key>
			<string>Models</string>
			<key>sourceTree</key>
			<string>&lt;group&gt;</string>
		</dict>
		<key>51EE3AD6193DF61100BD2C04</key>
		<dict>
			<key>fileEncoding</key>
			<string>4</string>
			<key>isa</key>
			<string>PBXFileReference</string>
			<key>lastKnownFileType</key>
			<string>sourcecode.c.h</string>
			<key>path</key>
			<string>ILTask.h</string>
			<key>sourceTree</key>
			<string>&lt;group&gt;</string>
		</dict>
		<key>51EE3AD7193DF61100BD2C04</key>
		<dict>
			<key>fileEncoding</key>
			<string>4</string>
			<key>isa</key>
			<string>PBXFileReference</string>
			<key>lastKnownFileType</key>
			<string>sourcecode.c.objc</string>
			<key>path</key>
			<string>ILTask.m</string>
			<key>sourceTree</key>
			<string>&lt;group&gt;</string>
		</dict>
		<key>51EE3AD8193DF61100BD2C04</key>
		<dict>
			<key>fileRef</key>
			<string>51EE3AD7193DF61100BD2C04</string>
			<key>isa</key>
			<string>PBXBuildFile</string>
		</dict>
		<key>51EE3AD9193DF6EF00BD2C04</key>
		<dict>
			<key>fileEncoding</key>
			<string>4</string>
			<key>isa</key>
			<string>PBXFileReference</string>
			<key>lastKnownFileType</key>
			<string>sourcecode.c.h</string>
			<key>path</key>
			<string>ILTodoTableViewController.h</string>
			<key>sourceTree</key>
			<string>&lt;group&gt;</string>
		</dict>
		<key>51EE3ADA193DF6EF00BD2C04</key>
		<dict>
			<key>fileEncoding</key>
			<string>4</string>
			<key>isa</key>
			<string>PBXFileReference</string>
			<key>lastKnownFileType</key>
			<string>sourcecode.c.objc</string>
			<key>path</key>
			<string>ILTodoTableViewController.m</string>
			<key>sourceTree</key>
			<string>&lt;group&gt;</string>
		</dict>
		<key>51EE3ADB193DF6EF00BD2C04</key>
		<dict>
			<key>fileEncoding</key>
			<string>4</string>
			<key>isa</key>
			<string>PBXFileReference</string>
			<key>lastKnownFileType</key>
			<string>file.xib</string>
			<key>path</key>
			<string>ILTodoTableViewController.xib</string>
			<key>sourceTree</key>
			<string>&lt;group&gt;</string>
		</dict>
		<key>51EE3ADC193DF6EF00BD2C04</key>
		<dict>
			<key>fileRef</key>
			<string>51EE3ADA193DF6EF00BD2C04</string>
			<key>isa</key>
			<string>PBXBuildFile</string>
		</dict>
		<key>51EE3ADD193DF6EF00BD2C04</key>
		<dict>
			<key>fileRef</key>
			<string>51EE3ADB193DF6EF00BD2C04</string>
			<key>isa</key>
			<string>PBXBuildFile</string>
		</dict>
		<key>51EE3ADE193E14AA00BD2C04</key>
		<dict>
			<key>fileEncoding</key>
			<string>4</string>
			<key>isa</key>
			<string>PBXFileReference</string>
			<key>lastKnownFileType</key>
			<string>sourcecode.c.h</string>
			<key>path</key>
			<string>ILNewTaskViewController.h</string>
			<key>sourceTree</key>
			<string>&lt;group&gt;</string>
		</dict>
		<key>51EE3ADF193E14AA00BD2C04</key>
		<dict>
			<key>fileEncoding</key>
			<string>4</string>
			<key>isa</key>
			<string>PBXFileReference</string>
			<key>lastKnownFileType</key>
			<string>sourcecode.c.objc</string>
			<key>path</key>
			<string>ILNewTaskViewController.m</string>
			<key>sourceTree</key>
			<string>&lt;group&gt;</string>
		</dict>
		<key>51EE3AE0193E14AA00BD2C04</key>
		<dict>
			<key>fileEncoding</key>
			<string>4</string>
			<key>isa</key>
			<string>PBXFileReference</string>
			<key>lastKnownFileType</key>
			<string>file.xib</string>
			<key>path</key>
			<string>ILNewTaskViewController.xib</string>
			<key>sourceTree</key>
			<string>&lt;group&gt;</string>
		</dict>
		<key>51EE3AE1193E14AA00BD2C04</key>
		<dict>
			<key>fileRef</key>
			<string>51EE3ADF193E14AA00BD2C04</string>
			<key>isa</key>
			<string>PBXBuildFile</string>
		</dict>
		<key>51EE3AE2193E14AA00BD2C04</key>
		<dict>
			<key>fileRef</key>
			<string>51EE3AE0193E14AA00BD2C04</string>
			<key>isa</key>
			<string>PBXBuildFile</string>
		</dict>
		<key>5ab207f72b846028da0bbf7f</key>
		<dict>
			<key>buildConfigurations</key>
			<array>
				<string>0e00550878af5a57db3677aa</string>
				<string>4ada641056759c7c6ab3a3d1</string>
			</array>
			<key>defaultConfigurationIsVisible</key>
			<string>0</string>
			<key>isa</key>
			<string>XCConfigurationList</string>
		</dict>
		<key>605e817053b1880c8edd5393</key>
		<dict>
			<key>fileRef</key>
			<string>51EE3AA4193DF5BC00BD2C04</string>
			<key>isa</key>
			<string>PBXBuildFile</string>
		</dict>
		<key>620dce677c981ae2532a06af</key>
		<dict>
			<key>buildConfigurationList</key>
			<string>5ab207f72b846028da0bbf7f</string>
			<key>buildPhases</key>
			<array>
				<string>782e1efcfc2fa3dd509dea98</string>
				<string>1a7c17311a6f5c0b0bd180c5</string>
				<string>0ebd1dbc04ae3a13cf0d8d31</string>
			</array>
			<key>buildRules</key>
			<array/>
			<key>dependencies</key>
			<array/>
			<key>isa</key>
			<string>PBXNativeTarget</string>
			<key>name</key>
			<string>SingleTodo-cal</string>
			<key>productName</key>
			<string>SingleTodo-cal</string>
			<key>productReference</key>
			<string>e1e6d107a6e09562df43538d</string>
			<key>productType</key>
			<string>com.apple.product-type.application</string>
		</dict>
		<key>6309991793e371530d7e597d</key>
		<dict>
			<key>fileRef</key>
			<string>050fdd38ce7454a6ea217fc0</string>
			<key>isa</key>
			<string>PBXBuildFile</string>
		</dict>
		<key>782e1efcfc2fa3dd509dea98</key>
		<dict>
			<key>buildActionMask</key>
			<string>2147483647</string>
			<key>files</key>
			<array>
				<string>b1272b6cec5353e92923311a</string>
				<string>e11987eebab17b9aaefd3ea6</string>
				<string>a674cadcaba506bdbebeff3e</string>
				<string>9eed183f2a3acfe9a7b447f9</string>
				<string>21e790bac129690625a6a256</string>
				<string>310da292a0c28f932371af21</string>
			</array>
			<key>isa</key>
			<string>PBXSourcesBuildPhase</string>
			<key>runOnlyForDeploymentPostprocessing</key>
			<string>0</string>
		</dict>
		<key>9eed183f2a3acfe9a7b447f9</key>
		<dict>
			<key>fileRef</key>
			<string>51EE3ADA193DF6EF00BD2C04</string>
			<key>isa</key>
			<string>PBXBuildFile</string>
		</dict>
		<key>a674cadcaba506bdbebeff3e</key>
		<dict>
			<key>fileRef</key>
			<string>51EE3AB0193DF5BC00BD2C04</string>
			<key>isa</key>
			<string>PBXBuildFile</string>
		</dict>
		<key>b1272b6cec5353e92923311a</key>
		<dict>
			<key>fileRef</key>
			<string>51EE3AAC193DF5BC00BD2C04</string>
			<key>isa</key>
			<string>PBXBuildFile</string>
		</dict>
		<key>bc4abc9cbd4ef449501dd5b3</key>
		<dict>
			<key>fileRef</key>
			<string>51EE3AB2193DF5BC00BD2C04</string>
			<key>isa</key>
			<string>PBXBuildFile</string>
		</dict>
		<key>bff55092faeb18a661da08f3</key>
		<dict>
			<key>fileEncoding</key>
			<string>4</string>
			<key>isa</key>
			<string>PBXFileReference</string>
			<key>lastKnownFileType</key>
			<string>wrapper.framework</string>
			<key>name</key>
			<string>CFNetwork.framework</string>
			<key>path</key>
			<string>System/Library/Frameworks/CFNetwork.framework</string>
			<key>sourceTree</key>
			<string>SDKROOT</string>
		</dict>
		<key>ccfb5aeb8b8216e8fd905a02</key>
		<dict>
			<key>fileRef</key>
			<string>51EE3ADB193DF6EF00BD2C04</string>
			<key>isa</key>
			<string>PBXBuildFile</string>
		</dict>
		<key>ddb73e93463198bcd84732b1</key>
		<dict>
			<key>fileRef</key>
			<string>51EE3AA9193DF5BC00BD2C04</string>
			<key>isa</key>
			<string>PBXBuildFile</string>
		</dict>
		<key>e11987eebab17b9aaefd3ea6</key>
		<dict>
			<key>fileRef</key>
			<string>51EE3ADF193E14AA00BD2C04</string>
			<key>isa</key>
			<string>PBXBuildFile</string>
		</dict>
		<key>e1e6d107a6e09562df43538d</key>
		<dict>
			<key>explicitFileType</key>
			<string>wrapper.application</string>
			<key>includeInIndex</key>
			<string>0</string>
			<key>isa</key>
			<string>PBXFileReference</string>
			<key>path</key>
			<string>SingleTodo-cal.app</string>
			<key>sourceTree</key>
			<string>BUILT_PRODUCTS_DIR</string>
		</dict>
	</dict>
	<key>rootObject</key>
	<string>51EE3A95193DF5BC00BD2C04</string>
</dict>
</plist>
